
Microsoft Visual Studio Solution File, Format Version 12.00
# Visual Studio Version 17
VisualStudioVersion = 17.8.34330.188
MinimumVisualStudioVersion = 10.0.40219.1
Project("{FAE04EC0-301F-11D3-BF4B-00C04F79EFBC}") = "FiveInRow", "FiveInRow\FiveInRow.csproj", "{7287EE43-1AB9-4EC6-87F9-774243EBC19D}"
EndProject
Project("{FAE04EC0-301F-11D3-BF4B-00C04F79EFBC}") = "FiveInRow.Client", "FiveInRow.Client\FiveInRow.Client.csproj", "{F5AD40D7-B5AB-4D6D-9DE4-67DDA51D0393}"
EndProject
Project("{FAE04EC0-301F-11D3-BF4B-00C04F79EFBC}") = "FiveInRowDomain", "..\FiveInRowDomain\FiveInRowDomain.csproj", "{4057AB28-6B81-426F-886D-55177CF0513C}"
EndProject
Global
	GlobalSection(SolutionConfigurationPlatforms) = preSolution
		Debug|Any CPU = Debug|Any CPU
		Release|Any CPU = Release|Any CPU
	EndGlobalSection
	GlobalSection(ProjectConfigurationPlatforms) = postSolution
		{7287EE43-1AB9-4EC6-87F9-774243EBC19D}.Debug|Any CPU.ActiveCfg = Debug|Any CPU
		{7287EE43-1AB9-4EC6-87F9-774243EBC19D}.Debug|Any CPU.Build.0 = Debug|Any CPU
		{7287EE43-1AB9-4EC6-87F9-774243EBC19D}.Release|Any CPU.ActiveCfg = Release|Any CPU
		{7287EE43-1AB9-4EC6-87F9-774243EBC19D}.Release|Any CPU.Build.0 = Release|Any CPU
		{F5AD40D7-B5AB-4D6D-9DE4-67DDA51D0393}.Debug|Any CPU.ActiveCfg = Debug|Any CPU
		{F5AD40D7-B5AB-4D6D-9DE4-67DDA51D0393}.Debug|Any CPU.Build.0 = Debug|Any CPU
		{F5AD40D7-B5AB-4D6D-9DE4-67DDA51D0393}.Release|Any CPU.ActiveCfg = Release|Any CPU
		{F5AD40D7-B5AB-4D6D-9DE4-67DDA51D0393}.Release|Any CPU.Build.0 = Release|Any CPU
		{4057AB28-6B81-426F-886D-55177CF0513C}.Debug|Any CPU.ActiveCfg = Debug|Any CPU
		{4057AB28-6B81-426F-886D-55177CF0513C}.Debug|Any CPU.Build.0 = Debug|Any CPU
		{4057AB28-6B81-426F-886D-55177CF0513C}.Release|Any CPU.ActiveCfg = Release|Any CPU
		{4057AB28-6B81-426F-886D-55177CF0513C}.Release|Any CPU.Build.0 = Release|Any CPU
	EndGlobalSection
	GlobalSection(SolutionProperties) = preSolution
		HideSolutionNode = FALSE
	EndGlobalSection
	GlobalSection(ExtensibilityGlobals) = postSolution
		SolutionGuid = {E2261005-FAE3-441C-B73F-C98F938971B1}
	EndGlobalSection
EndGlobal
